
Microsoft Visual Studio Solution File, Format Version 12.00
# Visual Studio Version 17
VisualStudioVersion = 17.14.36212.18 d17.14
MinimumVisualStudioVersion = 10.0.40219.1
Project("{FAE04EC0-301F-11D3-BF4B-00C04F79EFBC}") = "PetVideoApp", "PetVideoApp\PetVideoApp.csproj", "{ECD85230-6B0B-4EBB-86D3-5DE4484F7971}"
EndProject
Global
	GlobalSection(SolutionConfigurationPlatforms) = preSolution
		Debug|Any CPU = Debug|Any CPU
		Release|Any CPU = Release|Any CPU
	EndGlobalSection
	GlobalSection(ProjectConfigurationPlatforms) = postSolution
		{ECD85230-6B0B-4EBB-86D3-5DE4484F7971}.Debug|Any CPU.ActiveCfg = Debug|Any CPU
		{ECD85230-6B0B-4EBB-86D3-5DE4484F7971}.Debug|Any CPU.Build.0 = Debug|Any CPU
		{ECD85230-6B0B-4EBB-86D3-5DE4484F7971}.Release|Any CPU.ActiveCfg = Release|Any CPU
		{ECD85230-6B0B-4EBB-86D3-5DE4484F7971}.Release|Any CPU.Build.0 = Release|Any CPU
	EndGlobalSection
	GlobalSection(SolutionProperties) = preSolution
		HideSolutionNode = FALSE
	EndGlobalSection
	GlobalSection(ExtensibilityGlobals) = postSolution
		SolutionGuid = {44493CE8-A533-449B-B9DD-F97A1C3D477C}
	EndGlobalSection
EndGlobal
